{
  "requires": true,
  "lockfileVersion": 1,
  "dependencies": {
    "@element-plus/icons-vue": {
      "version": "2.0.4",
      "resolved": "https://registry.npmmirror.com/@element-plus/icons-vue/-/icons-vue-2.0.4.tgz",
      "integrity": "sha512-UeBVBU3fuBsYa9mzM7DgkRztQ1Aftw3sMTI/1gZsqXq2NWiCOi16ZYXXGIc0jFDIu+k6SojzdlxOjv+rN/Y6FQ=="
    }
  }
}
